
Microsoft Visual Studio Solution File, Format Version 12.00
# Visual Studio Version 16
VisualStudioVersion = 16.0.30413.136
MinimumVisualStudioVersion = 10.0.40219.1
Project("{FAE04EC0-301F-11D3-BF4B-00C04F79EFBC}") = "SwissTransport", "src\SwissTransport\SwissTransport.csproj", "{D0262178-A48F-4DE0-807B-E76B63E39421}"
EndProject
Project("{FAE04EC0-301F-11D3-BF4B-00C04F79EFBC}") = "SwissTransportTest", "tests\SwissTransportTest\SwissTransportTest.csproj", "{959C6E54-5B1C-40F5-938A-C57B17451421}"
EndProject
Project("{FAE04EC0-301F-11D3-BF4B-00C04F79EFBC}") = "SBBFahrplan", "SBBFahrplan\SBBFahrplan.csproj", "{BC88AC1E-36B7-4E88-820D-91C650C4104E}"
	ProjectSection(ProjectDependencies) = postProject
		{959C6E54-5B1C-40F5-938A-C57B17451421} = {959C6E54-5B1C-40F5-938A-C57B17451421}
		{D0262178-A48F-4DE0-807B-E76B63E39421} = {D0262178-A48F-4DE0-807B-E76B63E39421}
	EndProjectSection
EndProject
Global
	GlobalSection(SolutionConfigurationPlatforms) = preSolution
		Debug|Any CPU = Debug|Any CPU
		Release|Any CPU = Release|Any CPU
	EndGlobalSection
	GlobalSection(ProjectConfigurationPlatforms) = postSolution
		{D0262178-A48F-4DE0-807B-E76B63E39421}.Debug|Any CPU.ActiveCfg = Debug|Any CPU
		{D0262178-A48F-4DE0-807B-E76B63E39421}.Debug|Any CPU.Build.0 = Debug|Any CPU
		{D0262178-A48F-4DE0-807B-E76B63E39421}.Release|Any CPU.ActiveCfg = Release|Any CPU
		{D0262178-A48F-4DE0-807B-E76B63E39421}.Release|Any CPU.Build.0 = Release|Any CPU
		{959C6E54-5B1C-40F5-938A-C57B17451421}.Debug|Any CPU.ActiveCfg = Debug|Any CPU
		{959C6E54-5B1C-40F5-938A-C57B17451421}.Debug|Any CPU.Build.0 = Debug|Any CPU
		{959C6E54-5B1C-40F5-938A-C57B17451421}.Release|Any CPU.ActiveCfg = Release|Any CPU
		{959C6E54-5B1C-40F5-938A-C57B17451421}.Release|Any CPU.Build.0 = Release|Any CPU
		{BC88AC1E-36B7-4E88-820D-91C650C4104E}.Debug|Any CPU.ActiveCfg = Debug|Any CPU
		{BC88AC1E-36B7-4E88-820D-91C650C4104E}.Debug|Any CPU.Build.0 = Debug|Any CPU
		{BC88AC1E-36B7-4E88-820D-91C650C4104E}.Release|Any CPU.ActiveCfg = Release|Any CPU
		{BC88AC1E-36B7-4E88-820D-91C650C4104E}.Release|Any CPU.Build.0 = Release|Any CPU
	EndGlobalSection
	GlobalSection(SolutionProperties) = preSolution
		HideSolutionNode = FALSE
	EndGlobalSection
	GlobalSection(ExtensibilityGlobals) = postSolution
		SolutionGuid = {E93354E8-6C32-490B-9797-599B96646552}
	EndGlobalSection
EndGlobal
